
Microsoft Visual Studio Solution File, Format Version 12.00
# Visual Studio 15
VisualStudioVersion = 15.0.28307.902
MinimumVisualStudioVersion = 10.0.40219.1
Project("{FAE04EC0-301F-11D3-BF4B-00C04F79EFBC}") = "Planilla", "Planilla\Planilla.csproj", "{4329FEA5-DDD3-4D0C-BCC5-6A8CA0AB7B04}"
EndProject
Project("{FAE04EC0-301F-11D3-BF4B-00C04F79EFBC}") = "Rango", "WindowsFormsControlLibrary1\Rango.csproj", "{4D24DF0D-1DE0-4E81-B119-318DF2435C04}"
EndProject
Project("{FAE04EC0-301F-11D3-BF4B-00C04F79EFBC}") = "Rep1", "Rep1\Rep1.csproj", "{9ADD936A-087A-4688-9874-5C6EC3630FA7}"
EndProject
Global
	GlobalSection(SolutionConfigurationPlatforms) = preSolution
		Debug|Any CPU = Debug|Any CPU
		Release|Any CPU = Release|Any CPU
	EndGlobalSection
	GlobalSection(ProjectConfigurationPlatforms) = postSolution
		{4329FEA5-DDD3-4D0C-BCC5-6A8CA0AB7B04}.Debug|Any CPU.ActiveCfg = Debug|Any CPU
		{4329FEA5-DDD3-4D0C-BCC5-6A8CA0AB7B04}.Debug|Any CPU.Build.0 = Debug|Any CPU
		{4329FEA5-DDD3-4D0C-BCC5-6A8CA0AB7B04}.Release|Any CPU.ActiveCfg = Release|Any CPU
		{4329FEA5-DDD3-4D0C-BCC5-6A8CA0AB7B04}.Release|Any CPU.Build.0 = Release|Any CPU
		{4D24DF0D-1DE0-4E81-B119-318DF2435C04}.Debug|Any CPU.ActiveCfg = Debug|Any CPU
		{4D24DF0D-1DE0-4E81-B119-318DF2435C04}.Debug|Any CPU.Build.0 = Debug|Any CPU
		{4D24DF0D-1DE0-4E81-B119-318DF2435C04}.Release|Any CPU.ActiveCfg = Release|Any CPU
		{4D24DF0D-1DE0-4E81-B119-318DF2435C04}.Release|Any CPU.Build.0 = Release|Any CPU
		{9ADD936A-087A-4688-9874-5C6EC3630FA7}.Debug|Any CPU.ActiveCfg = Debug|Any CPU
		{9ADD936A-087A-4688-9874-5C6EC3630FA7}.Debug|Any CPU.Build.0 = Debug|Any CPU
		{9ADD936A-087A-4688-9874-5C6EC3630FA7}.Release|Any CPU.ActiveCfg = Release|Any CPU
		{9ADD936A-087A-4688-9874-5C6EC3630FA7}.Release|Any CPU.Build.0 = Release|Any CPU
	EndGlobalSection
	GlobalSection(SolutionProperties) = preSolution
		HideSolutionNode = FALSE
	EndGlobalSection
	GlobalSection(ExtensibilityGlobals) = postSolution
		SolutionGuid = {BAEAAB9A-B1A5-4D7A-A186-C027E5BBB88A}
	EndGlobalSection
EndGlobal
